
Microsoft Visual Studio Solution File, Format Version 12.00
# Visual Studio Version 16
VisualStudioVersion = 16.0.30503.244
MinimumVisualStudioVersion = 10.0.40219.1
Project("{8BC9CEB8-8B4A-11D0-8D11-00A0C91BC942}") = "TIBET_HCRL", "TIBET_HCRL\TIBET_HCRL.vcxproj", "{31E4CC3E-9742-4021-8D3C-725EDA9CD8DD}"
EndProject
Global
	GlobalSection(SolutionConfigurationPlatforms) = preSolution
		Debug|x64 = Debug|x64
		Debug|x86 = Debug|x86
		Release|x64 = Release|x64
		Release|x86 = Release|x86
	EndGlobalSection
	GlobalSection(ProjectConfigurationPlatforms) = postSolution
		{31E4CC3E-9742-4021-8D3C-725EDA9CD8DD}.Debug|x64.ActiveCfg = Debug|x64
		{31E4CC3E-9742-4021-8D3C-725EDA9CD8DD}.Debug|x64.Build.0 = Debug|x64
		{31E4CC3E-9742-4021-8D3C-725EDA9CD8DD}.Debug|x86.ActiveCfg = Debug|Win32
		{31E4CC3E-9742-4021-8D3C-725EDA9CD8DD}.Debug|x86.Build.0 = Debug|Win32
		{31E4CC3E-9742-4021-8D3C-725EDA9CD8DD}.Release|x64.ActiveCfg = Release|x64
		{31E4CC3E-9742-4021-8D3C-725EDA9CD8DD}.Release|x64.Build.0 = Release|x64
		{31E4CC3E-9742-4021-8D3C-725EDA9CD8DD}.Release|x86.ActiveCfg = Release|Win32
		{31E4CC3E-9742-4021-8D3C-725EDA9CD8DD}.Release|x86.Build.0 = Release|Win32
	EndGlobalSection
	GlobalSection(SolutionProperties) = preSolution
		HideSolutionNode = FALSE
	EndGlobalSection
	GlobalSection(ExtensibilityGlobals) = postSolution
		SolutionGuid = {F22FF387-68A5-4C5C-9006-0C9714C51F09}
	EndGlobalSection
EndGlobal
